
Microsoft Visual Studio Solution File, Format Version 12.00
# Visual Studio Version 16
VisualStudioVersion = 16.0.28803.352
MinimumVisualStudioVersion = 10.0.40219.1
Project("{9A19103F-16F7-4668-BE54-9A1E7A4F7556}") = "Day1", "Day1\Day1.csproj", "{F274D91B-88A7-4D74-94E7-A54E017F0704}"
EndProject
Project("{9A19103F-16F7-4668-BE54-9A1E7A4F7556}") = "Day2", "Day2\Day2.csproj", "{AF841BA5-0C70-4A15-80EB-3D3242FEABB4}"
EndProject
Project("{9A19103F-16F7-4668-BE54-9A1E7A4F7556}") = "Day3", "Day3\Day3.csproj", "{EF097701-9C50-43A4-9B82-F78A35A344A9}"
EndProject
Project("{9A19103F-16F7-4668-BE54-9A1E7A4F7556}") = "Day4", "Day4\Day4.csproj", "{A1A17168-20F2-48EF-945E-D32812020B73}"
EndProject
Project("{9A19103F-16F7-4668-BE54-9A1E7A4F7556}") = "Day5", "Day5\Day5.csproj", "{35547D18-E807-4922-AEC8-081F67502291}"
EndProject
Global
	GlobalSection(SolutionConfigurationPlatforms) = preSolution
		Debug|Any CPU = Debug|Any CPU
		Release|Any CPU = Release|Any CPU
	EndGlobalSection
	GlobalSection(ProjectConfigurationPlatforms) = postSolution
		{F274D91B-88A7-4D74-94E7-A54E017F0704}.Debug|Any CPU.ActiveCfg = Debug|Any CPU
		{F274D91B-88A7-4D74-94E7-A54E017F0704}.Debug|Any CPU.Build.0 = Debug|Any CPU
		{F274D91B-88A7-4D74-94E7-A54E017F0704}.Release|Any CPU.ActiveCfg = Release|Any CPU
		{F274D91B-88A7-4D74-94E7-A54E017F0704}.Release|Any CPU.Build.0 = Release|Any CPU
		{AF841BA5-0C70-4A15-80EB-3D3242FEABB4}.Debug|Any CPU.ActiveCfg = Debug|Any CPU
		{AF841BA5-0C70-4A15-80EB-3D3242FEABB4}.Debug|Any CPU.Build.0 = Debug|Any CPU
		{AF841BA5-0C70-4A15-80EB-3D3242FEABB4}.Release|Any CPU.ActiveCfg = Release|Any CPU
		{AF841BA5-0C70-4A15-80EB-3D3242FEABB4}.Release|Any CPU.Build.0 = Release|Any CPU
		{EF097701-9C50-43A4-9B82-F78A35A344A9}.Debug|Any CPU.ActiveCfg = Debug|Any CPU
		{EF097701-9C50-43A4-9B82-F78A35A344A9}.Debug|Any CPU.Build.0 = Debug|Any CPU
		{EF097701-9C50-43A4-9B82-F78A35A344A9}.Release|Any CPU.ActiveCfg = Release|Any CPU
		{EF097701-9C50-43A4-9B82-F78A35A344A9}.Release|Any CPU.Build.0 = Release|Any CPU
		{A1A17168-20F2-48EF-945E-D32812020B73}.Debug|Any CPU.ActiveCfg = Debug|Any CPU
		{A1A17168-20F2-48EF-945E-D32812020B73}.Debug|Any CPU.Build.0 = Debug|Any CPU
		{A1A17168-20F2-48EF-945E-D32812020B73}.Release|Any CPU.ActiveCfg = Release|Any CPU
		{A1A17168-20F2-48EF-945E-D32812020B73}.Release|Any CPU.Build.0 = Release|Any CPU
		{35547D18-E807-4922-AEC8-081F67502291}.Debug|Any CPU.ActiveCfg = Debug|Any CPU
		{35547D18-E807-4922-AEC8-081F67502291}.Debug|Any CPU.Build.0 = Debug|Any CPU
		{35547D18-E807-4922-AEC8-081F67502291}.Release|Any CPU.ActiveCfg = Release|Any CPU
		{35547D18-E807-4922-AEC8-081F67502291}.Release|Any CPU.Build.0 = Release|Any CPU
	EndGlobalSection
	GlobalSection(SolutionProperties) = preSolution
		HideSolutionNode = FALSE
	EndGlobalSection
	GlobalSection(ExtensibilityGlobals) = postSolution
		SolutionGuid = {D3869300-3E34-405F-A1D7-508F01890818}
	EndGlobalSection
EndGlobal
